
Microsoft Visual Studio Solution File, Format Version 12.00
# Visual Studio Version 17
VisualStudioVersion = 17.8.34330.188
MinimumVisualStudioVersion = 10.0.40219.1
Project("{9A19103F-16F7-4668-BE54-9A1E7A4F7556}") = "Post-MVC", "Post-MVC\Post-MVC.csproj", "{2F303ECB-7621-4BAB-8B36-04411E89E4E3}"
EndProject
Project("{9A19103F-16F7-4668-BE54-9A1E7A4F7556}") = "Data", "Data\Data.csproj", "{FB1C1ABC-B88D-4AD9-9C92-D3BE1AB36637}"
EndProject
Global
	GlobalSection(SolutionConfigurationPlatforms) = preSolution
		Debug|Any CPU = Debug|Any CPU
		Release|Any CPU = Release|Any CPU
	EndGlobalSection
	GlobalSection(ProjectConfigurationPlatforms) = postSolution
		{2F303ECB-7621-4BAB-8B36-04411E89E4E3}.Debug|Any CPU.ActiveCfg = Debug|Any CPU
		{2F303ECB-7621-4BAB-8B36-04411E89E4E3}.Debug|Any CPU.Build.0 = Debug|Any CPU
		{2F303ECB-7621-4BAB-8B36-04411E89E4E3}.Release|Any CPU.ActiveCfg = Release|Any CPU
		{2F303ECB-7621-4BAB-8B36-04411E89E4E3}.Release|Any CPU.Build.0 = Release|Any CPU
		{FB1C1ABC-B88D-4AD9-9C92-D3BE1AB36637}.Debug|Any CPU.ActiveCfg = Debug|Any CPU
		{FB1C1ABC-B88D-4AD9-9C92-D3BE1AB36637}.Debug|Any CPU.Build.0 = Debug|Any CPU
		{FB1C1ABC-B88D-4AD9-9C92-D3BE1AB36637}.Release|Any CPU.ActiveCfg = Release|Any CPU
		{FB1C1ABC-B88D-4AD9-9C92-D3BE1AB36637}.Release|Any CPU.Build.0 = Release|Any CPU
	EndGlobalSection
	GlobalSection(SolutionProperties) = preSolution
		HideSolutionNode = FALSE
	EndGlobalSection
	GlobalSection(ExtensibilityGlobals) = postSolution
		SolutionGuid = {618EB3F4-1AFB-43A5-8B7A-61FFEBD356CE}
	EndGlobalSection
EndGlobal
